
Microsoft Visual Studio Solution File, Format Version 12.00
# Visual Studio Version 17
VisualStudioVersion = 17.5.33424.131
MinimumVisualStudioVersion = 10.0.40219.1
Project("{C9674DCB-5085-4A16-B785-4C70DD1589BD}") = "SSIS_test_connect", "SSIS_test_connect\SSIS_test_connect.dtproj", "{F1DFBB68-8357-4065-94CD-99073026561E}"
EndProject
Project("{D2ABAB84-BF74-430A-B69E-9DC6D40DDA17}") = "SSAS_test_connect", "SSAS_test_connect\SSAS_test_connect.dwproj", "{59D86DF3-ECB0-466D-B81C-9A3C80F85C97}"
EndProject
Global
	GlobalSection(SolutionConfigurationPlatforms) = preSolution
		Development|Default = Development|Default
	EndGlobalSection
	GlobalSection(ProjectConfigurationPlatforms) = postSolution
		{F1DFBB68-8357-4065-94CD-99073026561E}.Development|Default.ActiveCfg = Development
		{F1DFBB68-8357-4065-94CD-99073026561E}.Development|Default.Build.0 = Development
		{59D86DF3-ECB0-466D-B81C-9A3C80F85C97}.Development|Default.ActiveCfg = Development
		{59D86DF3-ECB0-466D-B81C-9A3C80F85C97}.Development|Default.Build.0 = Development
		{59D86DF3-ECB0-466D-B81C-9A3C80F85C97}.Development|Default.Deploy.0 = Development
	EndGlobalSection
	GlobalSection(SolutionProperties) = preSolution
		HideSolutionNode = FALSE
	EndGlobalSection
	GlobalSection(ExtensibilityGlobals) = postSolution
		SolutionGuid = {6B17305C-597E-4A75-BED2-14CD1037DD27}
	EndGlobalSection
EndGlobal
