
Microsoft Visual Studio Solution File, Format Version 12.00
# Visual Studio Version 17
VisualStudioVersion = 17.5.33424.131
MinimumVisualStudioVersion = 10.0.40219.1
Project("{D2ABAB84-BF74-430A-B69E-9DC6D40DDA17}") = "ssas2", "ssas2\ssas2.dwproj", "{1D6D9D92-190A-4C3E-9180-66AD37D88963}"
EndProject
Global
	GlobalSection(SolutionConfigurationPlatforms) = preSolution
		Development|Default = Development|Default
	EndGlobalSection
	GlobalSection(ProjectConfigurationPlatforms) = postSolution
		{1D6D9D92-190A-4C3E-9180-66AD37D88963}.Development|Default.ActiveCfg = Development
		{1D6D9D92-190A-4C3E-9180-66AD37D88963}.Development|Default.Build.0 = Development
		{1D6D9D92-190A-4C3E-9180-66AD37D88963}.Development|Default.Deploy.0 = Development
	EndGlobalSection
	GlobalSection(SolutionProperties) = preSolution
		HideSolutionNode = FALSE
	EndGlobalSection
	GlobalSection(ExtensibilityGlobals) = postSolution
		SolutionGuid = {8726934F-6DAF-45A9-8219-F66985567E09}
	EndGlobalSection
EndGlobal
