
Microsoft Visual Studio Solution File, Format Version 12.00
# Visual Studio Version 17
VisualStudioVersion = 17.5.33424.131
MinimumVisualStudioVersion = 10.0.40219.1
Project("{D2ABAB84-BF74-430A-B69E-9DC6D40DDA17}") = "SSAS_Sale_02", "SSAS_Sale_02\SSAS_Sale_02.dwproj", "{272E4543-7FDC-4598-AE09-462BEEA8730F}"
EndProject
Global
	GlobalSection(SolutionConfigurationPlatforms) = preSolution
		Development|Default = Development|Default
	EndGlobalSection
	GlobalSection(ProjectConfigurationPlatforms) = postSolution
		{272E4543-7FDC-4598-AE09-462BEEA8730F}.Development|Default.ActiveCfg = Development
		{272E4543-7FDC-4598-AE09-462BEEA8730F}.Development|Default.Build.0 = Development
		{272E4543-7FDC-4598-AE09-462BEEA8730F}.Development|Default.Deploy.0 = Development
	EndGlobalSection
	GlobalSection(SolutionProperties) = preSolution
		HideSolutionNode = FALSE
	EndGlobalSection
	GlobalSection(ExtensibilityGlobals) = postSolution
		SolutionGuid = {8F506C5C-320C-4FCF-825C-B2EDAADD5169}
	EndGlobalSection
EndGlobal
