
Microsoft Visual Studio Solution File, Format Version 12.00
# Visual Studio Version 17
VisualStudioVersion = 17.5.33424.131
MinimumVisualStudioVersion = 10.0.40219.1
Project("{D2ABAB84-BF74-430A-B69E-9DC6D40DDA17}") = "SSAS_Sale_test_add_connect", "SSAS_Sale_test_add_connect\SSAS_Sale_test_add_connect.dwproj", "{978A803D-4881-4C83-8881-2992FB88CD4C}"
EndProject
Global
	GlobalSection(SolutionConfigurationPlatforms) = preSolution
		Development|Default = Development|Default
	EndGlobalSection
	GlobalSection(ProjectConfigurationPlatforms) = postSolution
		{978A803D-4881-4C83-8881-2992FB88CD4C}.Development|Default.ActiveCfg = Development
		{978A803D-4881-4C83-8881-2992FB88CD4C}.Development|Default.Build.0 = Development
		{978A803D-4881-4C83-8881-2992FB88CD4C}.Development|Default.Deploy.0 = Development
	EndGlobalSection
	GlobalSection(SolutionProperties) = preSolution
		HideSolutionNode = FALSE
	EndGlobalSection
	GlobalSection(ExtensibilityGlobals) = postSolution
		SolutionGuid = {213F9494-BFDC-4AD4-9144-DDE80DC4899B}
	EndGlobalSection
EndGlobal
